// !$*UTF8*$!
{
	archiveVersion = 1;
	classes = {
	};
	objectVersion = 50;
	objects = {

/* Begin PBXBuildFile section */
		2251CA4622BEB4CE00E9C6C4 /* PError.swift in Sources */ = {isa = PBXBuildFile; fileRef = 2251CA4522BEB4CE00E9C6C4 /* PError.swift */; };
		2251CA4822BED79B00E9C6C4 /* SectionPosts.swift in Sources */ = {isa = PBXBuildFile; fileRef = 2251CA4722BED79B00E9C6C4 /* SectionPosts.swift */; };
		2251CA4A22BEDBB600E9C6C4 /* UITableView.swift in Sources */ = {isa = PBXBuildFile; fileRef = 2251CA4922BEDBB600E9C6C4 /* UITableView.swift */; };
		2251CA4C22BEDBCF00E9C6C4 /* UITableViewCell.swift in Sources */ = {isa = PBXBuildFile; fileRef = 2251CA4B22BEDBCF00E9C6C4 /* UITableViewCell.swift */; };
		2251CA4F22BEDC6C00E9C6C4 /* HomeCell.swift in Sources */ = {isa = PBXBuildFile; fileRef = 2251CA4E22BEDC6C00E9C6C4 /* HomeCell.swift */; };
		2251CA5122BEDC7600E9C6C4 /* HomeCell.xib in Resources */ = {isa = PBXBuildFile; fileRef = 2251CA5022BEDC7600E9C6C4 /* HomeCell.xib */; };
		2251CA5322BEDFB600E9C6C4 /* PGradient.swift in Sources */ = {isa = PBXBuildFile; fileRef = 2251CA5222BEDFB600E9C6C4 /* PGradient.swift */; };
		2251CA5622BEE31B00E9C6C4 /* HomeCoordinator.swift in Sources */ = {isa = PBXBuildFile; fileRef = 2251CA5522BEE31B00E9C6C4 /* HomeCoordinator.swift */; };
		2251CA5822BEECD600E9C6C4 /* UIView.swift in Sources */ = {isa = PBXBuildFile; fileRef = 2251CA5722BEECD500E9C6C4 /* UIView.swift */; };
		2251CA5A22BEF09A00E9C6C4 /* PostDetails.swift in Sources */ = {isa = PBXBuildFile; fileRef = 2251CA5922BEF09A00E9C6C4 /* PostDetails.swift */; };
		2251CA5E22C08AB500E9C6C4 /* PostModel.swift in Sources */ = {isa = PBXBuildFile; fileRef = 2251CA5D22C08AB500E9C6C4 /* PostModel.swift */; };
		2251CA6022C0992600E9C6C4 /* RealmManager.swift in Sources */ = {isa = PBXBuildFile; fileRef = 2251CA5F22C0992600E9C6C4 /* RealmManager.swift */; };
		2251CA6322C0E3DE00E9C6C4 /* PostDetailsController.swift in Sources */ = {isa = PBXBuildFile; fileRef = 2251CA6222C0E3DE00E9C6C4 /* PostDetailsController.swift */; };
		2251CA6522C0E3F200E9C6C4 /* PostDetailsController.xib in Resources */ = {isa = PBXBuildFile; fileRef = 2251CA6422C0E3F200E9C6C4 /* PostDetailsController.xib */; };
		2251CA6722C0E41400E9C6C4 /* PostDetailsViewModel.swift in Sources */ = {isa = PBXBuildFile; fileRef = 2251CA6622C0E41400E9C6C4 /* PostDetailsViewModel.swift */; };
		2280486022C1563800BD5146 /* DetailsCell.swift in Sources */ = {isa = PBXBuildFile; fileRef = 2280485F22C1563800BD5146 /* DetailsCell.swift */; };
		2280486222C1564600BD5146 /* DetailsCell.xib in Resources */ = {isa = PBXBuildFile; fileRef = 2280486122C1564600BD5146 /* DetailsCell.xib */; };
		2280486422C19BDA00BD5146 /* PCircle.swift in Sources */ = {isa = PBXBuildFile; fileRef = 2280486322C19BDA00BD5146 /* PCircle.swift */; };
		2280486622C1A79700BD5146 /* Connectivity.swift in Sources */ = {isa = PBXBuildFile; fileRef = 2280486522C1A79700BD5146 /* Connectivity.swift */; };
		22B7799922BAED1A00CBF4F8 /* AppDelegate.swift in Sources */ = {isa = PBXBuildFile; fileRef = 22B7799822BAED1A00CBF4F8 /* AppDelegate.swift */; };
		22B779A022BAED1D00CBF4F8 /* Assets.xcassets in Resources */ = {isa = PBXBuildFile; fileRef = 22B7799F22BAED1D00CBF4F8 /* Assets.xcassets */; };
		22B779A322BAED1D00CBF4F8 /* LaunchScreen.storyboard in Resources */ = {isa = PBXBuildFile; fileRef = 22B779A122BAED1D00CBF4F8 /* LaunchScreen.storyboard */; };
		22B779AE22BAED1D00CBF4F8 /* PostsTests.swift in Sources */ = {isa = PBXBuildFile; fileRef = 22B779AD22BAED1D00CBF4F8 /* PostsTests.swift */; };
		22B779B922BAED1D00CBF4F8 /* PostsUITests.swift in Sources */ = {isa = PBXBuildFile; fileRef = 22B779B822BAED1D00CBF4F8 /* PostsUITests.swift */; };
		22CE8F3D22BAF699004FA2E0 /* BaseController.swift in Sources */ = {isa = PBXBuildFile; fileRef = 22CE8F3C22BAF699004FA2E0 /* BaseController.swift */; };
		22CE8F3F22BAF6B3004FA2E0 /* APIManager.swift in Sources */ = {isa = PBXBuildFile; fileRef = 22CE8F3E22BAF6B3004FA2E0 /* APIManager.swift */; };
		22CE8F4122BAF6C1004FA2E0 /* Coordinator.swift in Sources */ = {isa = PBXBuildFile; fileRef = 22CE8F4022BAF6C1004FA2E0 /* Coordinator.swift */; };
		22CE8F4322BAF6DC004FA2E0 /* RootCoordinator.swift in Sources */ = {isa = PBXBuildFile; fileRef = 22CE8F4222BAF6DC004FA2E0 /* RootCoordinator.swift */; };
		22CE8F4522BAF6E7004FA2E0 /* AppCoordinator.swift in Sources */ = {isa = PBXBuildFile; fileRef = 22CE8F4422BAF6E7004FA2E0 /* AppCoordinator.swift */; };
		22CE8F4722BAF758004FA2E0 /* Constants.swift in Sources */ = {isa = PBXBuildFile; fileRef = 22CE8F4622BAF758004FA2E0 /* Constants.swift */; };
		22CE8F4922BAF76C004FA2E0 /* UIColor.swift in Sources */ = {isa = PBXBuildFile; fileRef = 22CE8F4822BAF76C004FA2E0 /* UIColor.swift */; };
		22CE8F4C22BB004B004FA2E0 /* PNavigationController.swift in Sources */ = {isa = PBXBuildFile; fileRef = 22CE8F4B22BB004B004FA2E0 /* PNavigationController.swift */; };
		22CE8F4E22BB01A6004FA2E0 /* PNavigationBar.swift in Sources */ = {isa = PBXBuildFile; fileRef = 22CE8F4D22BB01A6004FA2E0 /* PNavigationBar.swift */; };
		22CE8F5222BC3996004FA2E0 /* SplashController.swift in Sources */ = {isa = PBXBuildFile; fileRef = 22CE8F5122BC3996004FA2E0 /* SplashController.swift */; };
		22CE8F5522BC39B6004FA2E0 /* SplashController.xib in Resources */ = {isa = PBXBuildFile; fileRef = 22CE8F5422BC39B6004FA2E0 /* SplashController.xib */; };
		22CE8F5722BC4F4D004FA2E0 /* SplashViewModel.swift in Sources */ = {isa = PBXBuildFile; fileRef = 22CE8F5622BC4F4D004FA2E0 /* SplashViewModel.swift */; };
		22CE8F5D22BC7D86004FA2E0 /* HomeController.xib in Resources */ = {isa = PBXBuildFile; fileRef = 22CE8F5C22BC7D86004FA2E0 /* HomeController.xib */; };
		22CE8F5F22BC7D94004FA2E0 /* HomeController.swift in Sources */ = {isa = PBXBuildFile; fileRef = 22CE8F5E22BC7D94004FA2E0 /* HomeController.swift */; };
		22CE8F6122BC7D9D004FA2E0 /* HomeViewModel.swift in Sources */ = {isa = PBXBuildFile; fileRef = 22CE8F6022BC7D9D004FA2E0 /* HomeViewModel.swift */; };
		22CE8F6322BC7DB9004FA2E0 /* Post.swift in Sources */ = {isa = PBXBuildFile; fileRef = 22CE8F6222BC7DB9004FA2E0 /* Post.swift */; };
		22CE8F6522BC8424004FA2E0 /* API.swift in Sources */ = {isa = PBXBuildFile; fileRef = 22CE8F6422BC8424004FA2E0 /* API.swift */; };
		3294FD0764C95E72BD085198 /* Pods_PostsTests.framework in Frameworks */ = {isa = PBXBuildFile; fileRef = 3401B5D1A272447530AEA343 /* Pods_PostsTests.framework */; };
		A1DF3847267FE8A06516E789 /* Pods_Posts.framework in Frameworks */ = {isa = PBXBuildFile; fileRef = 64EDEE795CF19D3F6DC04072 /* Pods_Posts.framework */; };
		D24F1B982873E44EBEDD149C /* Pods_PostsUITests.framework in Frameworks */ = {isa = PBXBuildFile; fileRef = 91C4B4C0768AB3FE44981494 /* Pods_PostsUITests.framework */; };
/* End PBXBuildFile section */

/* Begin PBXContainerItemProxy section */
		22B779AA22BAED1D00CBF4F8 /* PBXContainerItemProxy */ = {
			isa = PBXContainerItemProxy;
			containerPortal = 22B7798D22BAED1900CBF4F8 /* Project object */;
			proxyType = 1;
			remoteGlobalIDString = 22B7799422BAED1900CBF4F8;
			remoteInfo = Posts;
		};
		22B779B522BAED1D00CBF4F8 /* PBXContainerItemProxy */ = {
			isa = PBXContainerItemProxy;
			containerPortal = 22B7798D22BAED1900CBF4F8 /* Project object */;
			proxyType = 1;
			remoteGlobalIDString = 22B7799422BAED1900CBF4F8;
			remoteInfo = Posts;
		};
/* End PBXContainerItemProxy section */

/* Begin PBXFileReference section */
		063A1C5066189E29B74DAF27 /* Pods-PostsTests.debug.xcconfig */ = {isa = PBXFileReference; includeInIndex = 1; lastKnownFileType = text.xcconfig; name = "Pods-PostsTests.debug.xcconfig"; path = "Pods/Target Support Files/Pods-PostsTests/Pods-PostsTests.debug.xcconfig"; sourceTree = "<group>"; };
		0FC91693B208685C5B68C746 /* Pods-Posts.debug.xcconfig */ = {isa = PBXFileReference; includeInIndex = 1; lastKnownFileType = text.xcconfig; name = "Pods-Posts.debug.xcconfig"; path = "Pods/Target Support Files/Pods-Posts/Pods-Posts.debug.xcconfig"; sourceTree = "<group>"; };
		2251CA4522BEB4CE00E9C6C4 /* PError.swift */ = {isa = PBXFileReference; lastKnownFileType = sourcecode.swift; path = PError.swift; sourceTree = "<group>"; };
		2251CA4722BED79B00E9C6C4 /* SectionPosts.swift */ = {isa = PBXFileReference; lastKnownFileType = sourcecode.swift; path = SectionPosts.swift; sourceTree = "<group>"; };
		2251CA4922BEDBB600E9C6C4 /* UITableView.swift */ = {isa = PBXFileReference; lastKnownFileType = sourcecode.swift; path = UITableView.swift; sourceTree = "<group>"; };
		2251CA4B22BEDBCF00E9C6C4 /* UITableViewCell.swift */ = {isa = PBXFileReference; lastKnownFileType = sourcecode.swift; path = UITableViewCell.swift; sourceTree = "<group>"; };
		2251CA4E22BEDC6C00E9C6C4 /* HomeCell.swift */ = {isa = PBXFileReference; lastKnownFileType = sourcecode.swift; path = HomeCell.swift; sourceTree = "<group>"; };
		2251CA5022BEDC7600E9C6C4 /* HomeCell.xib */ = {isa = PBXFileReference; lastKnownFileType = file.xib; path = HomeCell.xib; sourceTree = "<group>"; };
		2251CA5222BEDFB600E9C6C4 /* PGradient.swift */ = {isa = PBXFileReference; lastKnownFileType = sourcecode.swift; path = PGradient.swift; sourceTree = "<group>"; };
		2251CA5522BEE31B00E9C6C4 /* HomeCoordinator.swift */ = {isa = PBXFileReference; lastKnownFileType = sourcecode.swift; path = HomeCoordinator.swift; sourceTree = "<group>"; };
		2251CA5722BEECD500E9C6C4 /* UIView.swift */ = {isa = PBXFileReference; lastKnownFileType = sourcecode.swift; path = UIView.swift; sourceTree = "<group>"; };
		2251CA5922BEF09A00E9C6C4 /* PostDetails.swift */ = {isa = PBXFileReference; lastKnownFileType = sourcecode.swift; path = PostDetails.swift; sourceTree = "<group>"; };
		2251CA5D22C08AB500E9C6C4 /* PostModel.swift */ = {isa = PBXFileReference; lastKnownFileType = sourcecode.swift; path = PostModel.swift; sourceTree = "<group>"; };
		2251CA5F22C0992600E9C6C4 /* RealmManager.swift */ = {isa = PBXFileReference; lastKnownFileType = sourcecode.swift; path = RealmManager.swift; sourceTree = "<group>"; };
		2251CA6222C0E3DE00E9C6C4 /* PostDetailsController.swift */ = {isa = PBXFileReference; lastKnownFileType = sourcecode.swift; path = PostDetailsController.swift; sourceTree = "<group>"; };
		2251CA6422C0E3F200E9C6C4 /* PostDetailsController.xib */ = {isa = PBXFileReference; lastKnownFileType = file.xib; path = PostDetailsController.xib; sourceTree = "<group>"; };
		2251CA6622C0E41400E9C6C4 /* PostDetailsViewModel.swift */ = {isa = PBXFileReference; lastKnownFileType = sourcecode.swift; path = PostDetailsViewModel.swift; sourceTree = "<group>"; };
		2280485F22C1563800BD5146 /* DetailsCell.swift */ = {isa = PBXFileReference; lastKnownFileType = sourcecode.swift; path = DetailsCell.swift; sourceTree = "<group>"; };
		2280486122C1564600BD5146 /* DetailsCell.xib */ = {isa = PBXFileReference; lastKnownFileType = file.xib; path = DetailsCell.xib; sourceTree = "<group>"; };
		2280486322C19BDA00BD5146 /* PCircle.swift */ = {isa = PBXFileReference; lastKnownFileType = sourcecode.swift; path = PCircle.swift; sourceTree = "<group>"; };
		2280486522C1A79700BD5146 /* Connectivity.swift */ = {isa = PBXFileReference; lastKnownFileType = sourcecode.swift; path = Connectivity.swift; sourceTree = "<group>"; };
		22B7799522BAED1A00CBF4F8 /* Posts.app */ = {isa = PBXFileReference; explicitFileType = wrapper.application; includeInIndex = 0; path = Posts.app; sourceTree = BUILT_PRODUCTS_DIR; };
		22B7799822BAED1A00CBF4F8 /* AppDelegate.swift */ = {isa = PBXFileReference; lastKnownFileType = sourcecode.swift; path = AppDelegate.swift; sourceTree = "<group>"; };
		22B7799F22BAED1D00CBF4F8 /* Assets.xcassets */ = {isa = PBXFileReference; lastKnownFileType = folder.assetcatalog; path = Assets.xcassets; sourceTree = "<group>"; };
		22B779A222BAED1D00CBF4F8 /* Base */ = {isa = PBXFileReference; lastKnownFileType = file.storyboard; name = Base; path = Base.lproj/LaunchScreen.storyboard; sourceTree = "<group>"; };
		22B779A422BAED1D00CBF4F8 /* Info.plist */ = {isa = PBXFileReference; lastKnownFileType = text.plist.xml; path = Info.plist; sourceTree = "<group>"; };
		22B779A922BAED1D00CBF4F8 /* PostsTests.xctest */ = {isa = PBXFileReference; explicitFileType = wrapper.cfbundle; includeInIndex = 0; path = PostsTests.xctest; sourceTree = BUILT_PRODUCTS_DIR; };
		22B779AD22BAED1D00CBF4F8 /* PostsTests.swift */ = {isa = PBXFileReference; lastKnownFileType = sourcecode.swift; path = PostsTests.swift; sourceTree = "<group>"; };
		22B779AF22BAED1D00CBF4F8 /* Info.plist */ = {isa = PBXFileReference; lastKnownFileType = text.plist.xml; path = Info.plist; sourceTree = "<group>"; };
		22B779B422BAED1D00CBF4F8 /* PostsUITests.xctest */ = {isa = PBXFileReference; explicitFileType = wrapper.cfbundle; includeInIndex = 0; path = PostsUITests.xctest; sourceTree = BUILT_PRODUCTS_DIR; };
		22B779B822BAED1D00CBF4F8 /* PostsUITests.swift */ = {isa = PBXFileReference; lastKnownFileType = sourcecode.swift; path = PostsUITests.swift; sourceTree = "<group>"; };
		22B779BA22BAED1D00CBF4F8 /* Info.plist */ = {isa = PBXFileReference; lastKnownFileType = text.plist.xml; path = Info.plist; sourceTree = "<group>"; };
		22CE8F3C22BAF699004FA2E0 /* BaseController.swift */ = {isa = PBXFileReference; lastKnownFileType = sourcecode.swift; path = BaseController.swift; sourceTree = "<group>"; };
		22CE8F3E22BAF6B3004FA2E0 /* APIManager.swift */ = {isa = PBXFileReference; lastKnownFileType = sourcecode.swift; path = APIManager.swift; sourceTree = "<group>"; };
		22CE8F4022BAF6C1004FA2E0 /* Coordinator.swift */ = {isa = PBXFileReference; lastKnownFileType = sourcecode.swift; path = Coordinator.swift; sourceTree = "<group>"; };
		22CE8F4222BAF6DC004FA2E0 /* RootCoordinator.swift */ = {isa = PBXFileReference; lastKnownFileType = sourcecode.swift; path = RootCoordinator.swift; sourceTree = "<group>"; };
		22CE8F4422BAF6E7004FA2E0 /* AppCoordinator.swift */ = {isa = PBXFileReference; lastKnownFileType = sourcecode.swift; path = AppCoordinator.swift; sourceTree = "<group>"; };
		22CE8F4622BAF758004FA2E0 /* Constants.swift */ = {isa = PBXFileReference; lastKnownFileType = sourcecode.swift; path = Constants.swift; sourceTree = "<group>"; };
		22CE8F4822BAF76C004FA2E0 /* UIColor.swift */ = {isa = PBXFileReference; lastKnownFileType = sourcecode.swift; path = UIColor.swift; sourceTree = "<group>"; };
		22CE8F4B22BB004B004FA2E0 /* PNavigationController.swift */ = {isa = PBXFileReference; lastKnownFileType = sourcecode.swift; path = PNavigationController.swift; sourceTree = "<group>"; };
		22CE8F4D22BB01A6004FA2E0 /* PNavigationBar.swift */ = {isa = PBXFileReference; lastKnownFileType = sourcecode.swift; path = PNavigationBar.swift; sourceTree = "<group>"; };
		22CE8F5122BC3996004FA2E0 /* SplashController.swift */ = {isa = PBXFileReference; lastKnownFileType = sourcecode.swift; path = SplashController.swift; sourceTree = "<group>"; };
		22CE8F5422BC39B6004FA2E0 /* SplashController.xib */ = {isa = PBXFileReference; lastKnownFileType = file.xib; path = SplashController.xib; sourceTree = "<group>"; };
		22CE8F5622BC4F4D004FA2E0 /* SplashViewModel.swift */ = {isa = PBXFileReference; lastKnownFileType = sourcecode.swift; path = SplashViewModel.swift; sourceTree = "<group>"; };
		22CE8F5C22BC7D86004FA2E0 /* HomeController.xib */ = {isa = PBXFileReference; lastKnownFileType = file.xib; path = HomeController.xib; sourceTree = "<group>"; };
		22CE8F5E22BC7D94004FA2E0 /* HomeController.swift */ = {isa = PBXFileReference; lastKnownFileType = sourcecode.swift; path = HomeController.swift; sourceTree = "<group>"; };
		22CE8F6022BC7D9D004FA2E0 /* HomeViewModel.swift */ = {isa = PBXFileReference; lastKnownFileType = sourcecode.swift; path = HomeViewModel.swift; sourceTree = "<group>"; };
		22CE8F6222BC7DB9004FA2E0 /* Post.swift */ = {isa = PBXFileReference; lastKnownFileType = sourcecode.swift; path = Post.swift; sourceTree = "<group>"; };
		22CE8F6422BC8424004FA2E0 /* API.swift */ = {isa = PBXFileReference; lastKnownFileType = sourcecode.swift; path = API.swift; sourceTree = "<group>"; };
		3401B5D1A272447530AEA343 /* Pods_PostsTests.framework */ = {isa = PBXFileReference; explicitFileType = wrapper.framework; includeInIndex = 0; path = Pods_PostsTests.framework; sourceTree = BUILT_PRODUCTS_DIR; };
		5122993314677DD3B68695E8 /* Pods-Posts.release.xcconfig */ = {isa = PBXFileReference; includeInIndex = 1; lastKnownFileType = text.xcconfig; name = "Pods-Posts.release.xcconfig"; path = "Pods/Target Support Files/Pods-Posts/Pods-Posts.release.xcconfig"; sourceTree = "<group>"; };
		64EDEE795CF19D3F6DC04072 /* Pods_Posts.framework */ = {isa = PBXFileReference; explicitFileType = wrapper.framework; includeInIndex = 0; path = Pods_Posts.framework; sourceTree = BUILT_PRODUCTS_DIR; };
		7EC53F309F35B8DA1E3629EC /* Pods-PostsUITests.debug.xcconfig */ = {isa = PBXFileReference; includeInIndex = 1; lastKnownFileType = text.xcconfig; name = "Pods-PostsUITests.debug.xcconfig"; path = "Pods/Target Support Files/Pods-PostsUITests/Pods-PostsUITests.debug.xcconfig"; sourceTree = "<group>"; };
		8A5E54F841D601E2079EFEE2 /* Pods-PostsTests.release.xcconfig */ = {isa = PBXFileReference; includeInIndex = 1; lastKnownFileType = text.xcconfig; name = "Pods-PostsTests.release.xcconfig"; path = "Pods/Target Support Files/Pods-PostsTests/Pods-PostsTests.release.xcconfig"; sourceTree = "<group>"; };
		91C4B4C0768AB3FE44981494 /* Pods_PostsUITests.framework */ = {isa = PBXFileReference; explicitFileType = wrapper.framework; includeInIndex = 0; path = Pods_PostsUITests.framework; sourceTree = BUILT_PRODUCTS_DIR; };
		B30B4C3FF3CC3AF25C6E9F79 /* Pods-PostsUITests.release.xcconfig */ = {isa = PBXFileReference; includeInIndex = 1; lastKnownFileType = text.xcconfig; name = "Pods-PostsUITests.release.xcconfig"; path = "Pods/Target Support Files/Pods-PostsUITests/Pods-PostsUITests.release.xcconfig"; sourceTree = "<group>"; };
/* End PBXFileReference section */

/* Begin PBXFrameworksBuildPhase section */
		22B7799222BAED1900CBF4F8 /* Frameworks */ = {
			isa = PBXFrameworksBuildPhase;
			buildActionMask = 2147483647;
			files = (
				A1DF3847267FE8A06516E789 /* Pods_Posts.framework in Frameworks */,
			);
			runOnlyForDeploymentPostprocessing = 0;
		};
		22B779A622BAED1D00CBF4F8 /* Frameworks */ = {
			isa = PBXFrameworksBuildPhase;
			buildActionMask = 2147483647;
			files = (
				3294FD0764C95E72BD085198 /* Pods_PostsTests.framework in Frameworks */,
			);
			runOnlyForDeploymentPostprocessing = 0;
		};
		22B779B122BAED1D00CBF4F8 /* Frameworks */ = {
			isa = PBXFrameworksBuildPhase;
			buildActionMask = 2147483647;
			files = (
				D24F1B982873E44EBEDD149C /* Pods_PostsUITests.framework in Frameworks */,
			);
			runOnlyForDeploymentPostprocessing = 0;
		};
/* End PBXFrameworksBuildPhase section */

/* Begin PBXGroup section */
		1A4F4FEA190674DCD4D1ECB6 /* Frameworks */ = {
			isa = PBXGroup;
			children = (
				64EDEE795CF19D3F6DC04072 /* Pods_Posts.framework */,
				3401B5D1A272447530AEA343 /* Pods_PostsTests.framework */,
				91C4B4C0768AB3FE44981494 /* Pods_PostsUITests.framework */,
			);
			name = Frameworks;
			sourceTree = "<group>";
		};
		2251CA4D22BEDC5400E9C6C4 /* Cell */ = {
			isa = PBXGroup;
			children = (
				2251CA5022BEDC7600E9C6C4 /* HomeCell.xib */,
				2251CA4E22BEDC6C00E9C6C4 /* HomeCell.swift */,
			);
			path = Cell;
			sourceTree = "<group>";
		};
		2251CA5422BEE31000E9C6C4 /* Home */ = {
			isa = PBXGroup;
			children = (
				2251CA5522BEE31B00E9C6C4 /* HomeCoordinator.swift */,
			);
			path = Home;
			sourceTree = "<group>";
		};
		2251CA5B22C08A7300E9C6C4 /* Managers */ = {
			isa = PBXGroup;
			children = (
				22CE8F6422BC8424004FA2E0 /* API.swift */,
				22CE8F3E22BAF6B3004FA2E0 /* APIManager.swift */,
				2251CA5F22C0992600E9C6C4 /* RealmManager.swift */,
			);
			path = Managers;
			sourceTree = "<group>";
		};
		2251CA5C22C08A9E00E9C6C4 /* Models */ = {
			isa = PBXGroup;
			children = (
				22CE8F6222BC7DB9004FA2E0 /* Post.swift */,
				2251CA5922BEF09A00E9C6C4 /* PostDetails.swift */,
				2251CA5D22C08AB500E9C6C4 /* PostModel.swift */,
			);
			path = Models;
			sourceTree = "<group>";
		};
		2251CA6122C0E3C500E9C6C4 /* Details */ = {
			isa = PBXGroup;
			children = (
				2280485E22C1504900BD5146 /* Cell */,
				2251CA6422C0E3F200E9C6C4 /* PostDetailsController.xib */,
				2251CA6222C0E3DE00E9C6C4 /* PostDetailsController.swift */,
				2251CA6622C0E41400E9C6C4 /* PostDetailsViewModel.swift */,
			);
			path = Details;
			sourceTree = "<group>";
		};
		2280485D22C14A7100BD5146 /* Sections */ = {
			isa = PBXGroup;
			children = (
				2251CA4722BED79B00E9C6C4 /* SectionPosts.swift */,
			);
			path = Sections;
			sourceTree = "<group>";
		};
		2280485E22C1504900BD5146 /* Cell */ = {
			isa = PBXGroup;
			children = (
				2280486122C1564600BD5146 /* DetailsCell.xib */,
				2280485F22C1563800BD5146 /* DetailsCell.swift */,
			);
			path = Cell;
			sourceTree = "<group>";
		};
		22B7798C22BAED1900CBF4F8 = {
			isa = PBXGroup;
			children = (
				22B7799722BAED1A00CBF4F8 /* Posts */,
				22B779AC22BAED1D00CBF4F8 /* PostsTests */,
				22B779B722BAED1D00CBF4F8 /* PostsUITests */,
				22B7799622BAED1A00CBF4F8 /* Products */,
				E7BC8D26AD11837FA2C8DB92 /* Pods */,
				1A4F4FEA190674DCD4D1ECB6 /* Frameworks */,
			);
			sourceTree = "<group>";
		};
		22B7799622BAED1A00CBF4F8 /* Products */ = {
			isa = PBXGroup;
			children = (
				22B7799522BAED1A00CBF4F8 /* Posts.app */,
				22B779A922BAED1D00CBF4F8 /* PostsTests.xctest */,
				22B779B422BAED1D00CBF4F8 /* PostsUITests.xctest */,
			);
			name = Products;
			sourceTree = "<group>";
		};
		22B7799722BAED1A00CBF4F8 /* Posts */ = {
			isa = PBXGroup;
			children = (
				22CE8F3022BAF559004FA2E0 /* Utils */,
				22CE8F2D22BAF34F004FA2E0 /* Core */,
				22CE8F3122BAF55F004FA2E0 /* Coordinators */,
				22CE8F3222BAF56B004FA2E0 /* Services */,
				22CE8F3722BAF5E5004FA2E0 /* Scenes */,
				22CE8F2E22BAF35E004FA2E0 /* Resources */,
				22B779A422BAED1D00CBF4F8 /* Info.plist */,
			);
			path = Posts;
			sourceTree = "<group>";
		};
		22B779AC22BAED1D00CBF4F8 /* PostsTests */ = {
			isa = PBXGroup;
			children = (
				22B779AD22BAED1D00CBF4F8 /* PostsTests.swift */,
				22B779AF22BAED1D00CBF4F8 /* Info.plist */,
			);
			path = PostsTests;
			sourceTree = "<group>";
		};
		22B779B722BAED1D00CBF4F8 /* PostsUITests */ = {
			isa = PBXGroup;
			children = (
				22B779B822BAED1D00CBF4F8 /* PostsUITests.swift */,
				22B779BA22BAED1D00CBF4F8 /* Info.plist */,
			);
			path = PostsUITests;
			sourceTree = "<group>";
		};
		22CE8F2D22BAF34F004FA2E0 /* Core */ = {
			isa = PBXGroup;
			children = (
				22B7799822BAED1A00CBF4F8 /* AppDelegate.swift */,
			);
			path = Core;
			sourceTree = "<group>";
		};
		22CE8F2E22BAF35E004FA2E0 /* Resources */ = {
			isa = PBXGroup;
			children = (
				22CE8F2F22BAF372004FA2E0 /* Images */,
				22B779A122BAED1D00CBF4F8 /* LaunchScreen.storyboard */,
			);
			path = Resources;
			sourceTree = "<group>";
		};
		22CE8F2F22BAF372004FA2E0 /* Images */ = {
			isa = PBXGroup;
			children = (
				22B7799F22BAED1D00CBF4F8 /* Assets.xcassets */,
			);
			path = Images;
			sourceTree = "<group>";
		};
		22CE8F3022BAF559004FA2E0 /* Utils */ = {
			isa = PBXGroup;
			children = (
				22CE8F4A22BB0040004FA2E0 /* PViews */,
				22CE8F3622BAF5A2004FA2E0 /* Extensions */,
				22CE8F3422BAF588004FA2E0 /* Helpers */,
			);
			path = Utils;
			sourceTree = "<group>";
		};
		22CE8F3122BAF55F004FA2E0 /* Coordinators */ = {
			isa = PBXGroup;
			children = (
				22CE8F4022BAF6C1004FA2E0 /* Coordinator.swift */,
				22CE8F3322BAF572004FA2E0 /* App */,
				2251CA5422BEE31000E9C6C4 /* Home */,
			);
			path = Coordinators;
			sourceTree = "<group>";
		};
		22CE8F3222BAF56B004FA2E0 /* Services */ = {
			isa = PBXGroup;
			children = (
				2251CA5C22C08A9E00E9C6C4 /* Models */,
				2251CA5B22C08A7300E9C6C4 /* Managers */,
			);
			path = Services;
			sourceTree = "<group>";
		};
		22CE8F3322BAF572004FA2E0 /* App */ = {
			isa = PBXGroup;
			children = (
				22CE8F4222BAF6DC004FA2E0 /* RootCoordinator.swift */,
				22CE8F4422BAF6E7004FA2E0 /* AppCoordinator.swift */,
			);
			path = App;
			sourceTree = "<group>";
		};
		22CE8F3422BAF588004FA2E0 /* Helpers */ = {
			isa = PBXGroup;
			children = (
				22CE8F4622BAF758004FA2E0 /* Constants.swift */,
				2251CA4522BEB4CE00E9C6C4 /* PError.swift */,
				2280486522C1A79700BD5146 /* Connectivity.swift */,
			);
			path = Helpers;
			sourceTree = "<group>";
		};
		22CE8F3622BAF5A2004FA2E0 /* Extensions */ = {
			isa = PBXGroup;
			children = (
				22CE8F4822BAF76C004FA2E0 /* UIColor.swift */,
				2251CA4922BEDBB600E9C6C4 /* UITableView.swift */,
				2251CA4B22BEDBCF00E9C6C4 /* UITableViewCell.swift */,
				2251CA5722BEECD500E9C6C4 /* UIView.swift */,
			);
			path = Extensions;
			sourceTree = "<group>";
		};
		22CE8F3722BAF5E5004FA2E0 /* Scenes */ = {
			isa = PBXGroup;
			children = (
				22CE8F3822BAF5EA004FA2E0 /* App */,
				22CE8F5322BC39A0004FA2E0 /* Splash */,
				22CE8F5B22BC7D6A004FA2E0 /* Home */,
				2251CA6122C0E3C500E9C6C4 /* Details */,
			);
			path = Scenes;
			sourceTree = "<group>";
		};
		22CE8F3822BAF5EA004FA2E0 /* App */ = {
			isa = PBXGroup;
			children = (
				22CE8F3C22BAF699004FA2E0 /* BaseController.swift */,
			);
			path = App;
			sourceTree = "<group>";
		};
		22CE8F4A22BB0040004FA2E0 /* PViews */ = {
			isa = PBXGroup;
			children = (
				22CE8F4B22BB004B004FA2E0 /* PNavigationController.swift */,
				22CE8F4D22BB01A6004FA2E0 /* PNavigationBar.swift */,
				2251CA5222BEDFB600E9C6C4 /* PGradient.swift */,
				2280486322C19BDA00BD5146 /* PCircle.swift */,
			);
			path = PViews;
			sourceTree = "<group>";
		};
		22CE8F5322BC39A0004FA2E0 /* Splash */ = {
			isa = PBXGroup;
			children = (
				22CE8F5422BC39B6004FA2E0 /* SplashController.xib */,
				22CE8F5122BC3996004FA2E0 /* SplashController.swift */,
				22CE8F5622BC4F4D004FA2E0 /* SplashViewModel.swift */,
			);
			path = Splash;
			sourceTree = "<group>";
		};
		22CE8F5B22BC7D6A004FA2E0 /* Home */ = {
			isa = PBXGroup;
			children = (
				2280485D22C14A7100BD5146 /* Sections */,
				2251CA4D22BEDC5400E9C6C4 /* Cell */,
				22CE8F5C22BC7D86004FA2E0 /* HomeController.xib */,
				22CE8F5E22BC7D94004FA2E0 /* HomeController.swift */,
				22CE8F6022BC7D9D004FA2E0 /* HomeViewModel.swift */,
			);
			path = Home;
			sourceTree = "<group>";
		};
		E7BC8D26AD11837FA2C8DB92 /* Pods */ = {
			isa = PBXGroup;
			children = (
				0FC91693B208685C5B68C746 /* Pods-Posts.debug.xcconfig */,
				5122993314677DD3B68695E8 /* Pods-Posts.release.xcconfig */,
				063A1C5066189E29B74DAF27 /* Pods-PostsTests.debug.xcconfig */,
				8A5E54F841D601E2079EFEE2 /* Pods-PostsTests.release.xcconfig */,
				7EC53F309F35B8DA1E3629EC /* Pods-PostsUITests.debug.xcconfig */,
				B30B4C3FF3CC3AF25C6E9F79 /* Pods-PostsUITests.release.xcconfig */,
			);
			name = Pods;
			sourceTree = "<group>";
		};
/* End PBXGroup section */

/* Begin PBXNativeTarget section */
		22B7799422BAED1900CBF4F8 /* Posts */ = {
			isa = PBXNativeTarget;
			buildConfigurationList = 22B779BD22BAED1D00CBF4F8 /* Build configuration list for PBXNativeTarget "Posts" */;
			buildPhases = (
				D376CD534ACC47A2E3225B26 /* [CP] Check Pods Manifest.lock */,
				22B7799122BAED1900CBF4F8 /* Sources */,
				22B7799222BAED1900CBF4F8 /* Frameworks */,
				22B7799322BAED1900CBF4F8 /* Resources */,
				27419D3EE44EC96FE9B0A726 /* [CP] Embed Pods Frameworks */,
			);
			buildRules = (
			);
			dependencies = (
			);
			name = Posts;
			productName = Posts;
			productReference = 22B7799522BAED1A00CBF4F8 /* Posts.app */;
			productType = "com.apple.product-type.application";
		};
		22B779A822BAED1D00CBF4F8 /* PostsTests */ = {
			isa = PBXNativeTarget;
			buildConfigurationList = 22B779C022BAED1D00CBF4F8 /* Build configuration list for PBXNativeTarget "PostsTests" */;
			buildPhases = (
				55A5A39E3CA2596E8873EDCE /* [CP] Check Pods Manifest.lock */,
				22B779A522BAED1D00CBF4F8 /* Sources */,
				22B779A622BAED1D00CBF4F8 /* Frameworks */,
				22B779A722BAED1D00CBF4F8 /* Resources */,
			);
			buildRules = (
			);
			dependencies = (
				22B779AB22BAED1D00CBF4F8 /* PBXTargetDependency */,
			);
			name = PostsTests;
			productName = PostsTests;
			productReference = 22B779A922BAED1D00CBF4F8 /* PostsTests.xctest */;
			productType = "com.apple.product-type.bundle.unit-test";
		};
		22B779B322BAED1D00CBF4F8 /* PostsUITests */ = {
			isa = PBXNativeTarget;
			buildConfigurationList = 22B779C322BAED1D00CBF4F8 /* Build configuration list for PBXNativeTarget "PostsUITests" */;
			buildPhases = (
				7B26AECC1954BD7778BADE61 /* [CP] Check Pods Manifest.lock */,
				22B779B022BAED1D00CBF4F8 /* Sources */,
				22B779B122BAED1D00CBF4F8 /* Frameworks */,
				22B779B222BAED1D00CBF4F8 /* Resources */,
			);
			buildRules = (
			);
			dependencies = (
				22B779B622BAED1D00CBF4F8 /* PBXTargetDependency */,
			);
			name = PostsUITests;
			productName = PostsUITests;
			productReference = 22B779B422BAED1D00CBF4F8 /* PostsUITests.xctest */;
			productType = "com.apple.product-type.bundle.ui-testing";
		};
/* End PBXNativeTarget section */

/* Begin PBXProject section */
		22B7798D22BAED1900CBF4F8 /* Project object */ = {
			isa = PBXProject;
			attributes = {
				LastSwiftUpdateCheck = 1010;
				LastUpgradeCheck = 1010;
				ORGANIZATIONNAME = Sam;
				TargetAttributes = {
					22B7799422BAED1900CBF4F8 = {
						CreatedOnToolsVersion = 10.1;
					};
					22B779A822BAED1D00CBF4F8 = {
						CreatedOnToolsVersion = 10.1;
						TestTargetID = 22B7799422BAED1900CBF4F8;
					};
					22B779B322BAED1D00CBF4F8 = {
						CreatedOnToolsVersion = 10.1;
						TestTargetID = 22B7799422BAED1900CBF4F8;
					};
				};
			};
			buildConfigurationList = 22B7799022BAED1900CBF4F8 /* Build configuration list for PBXProject "Posts" */;
			compatibilityVersion = "Xcode 9.3";
			developmentRegion = en;
			hasScannedForEncodings = 0;
			knownRegions = (
				en,
				Base,
			);
			mainGroup = 22B7798C22BAED1900CBF4F8;
			productRefGroup = 22B7799622BAED1A00CBF4F8 /* Products */;
			projectDirPath = "";
			projectRoot = "";
			targets = (
				22B7799422BAED1900CBF4F8 /* Posts */,
				22B779A822BAED1D00CBF4F8 /* PostsTests */,
				22B779B322BAED1D00CBF4F8 /* PostsUITests */,
			);
		};
/* End PBXProject section */

/* Begin PBXResourcesBuildPhase section */
		22B7799322BAED1900CBF4F8 /* Resources */ = {
			isa = PBXResourcesBuildPhase;
			buildActionMask = 2147483647;
			files = (
				22CE8F5D22BC7D86004FA2E0 /* HomeController.xib in Resources */,
				22B779A322BAED1D00CBF4F8 /* LaunchScreen.storyboard in Resources */,
				22B779A022BAED1D00CBF4F8 /* Assets.xcassets in Resources */,
				22CE8F5522BC39B6004FA2E0 /* SplashController.xib in Resources */,
				2251CA6522C0E3F200E9C6C4 /* PostDetailsController.xib in Resources */,
				2280486222C1564600BD5146 /* DetailsCell.xib in Resources */,
				2251CA5122BEDC7600E9C6C4 /* HomeCell.xib in Resources */,
			);
			runOnlyForDeploymentPostprocessing = 0;
		};
		22B779A722BAED1D00CBF4F8 /* Resources */ = {
			isa = PBXResourcesBuildPhase;
			buildActionMask = 2147483647;
			files = (
			);
			runOnlyForDeploymentPostprocessing = 0;
		};
		22B779B222BAED1D00CBF4F8 /* Resources */ = {
			isa = PBXResourcesBuildPhase;
			buildActionMask = 2147483647;
			files = (
			);
			runOnlyForDeploymentPostprocessing = 0;
		};
/* End PBXResourcesBuildPhase section */

/* Begin PBXShellScriptBuildPhase section */
		27419D3EE44EC96FE9B0A726 /* [CP] Embed Pods Frameworks */ = {
			isa = PBXShellScriptBuildPhase;
			buildActionMask = 2147483647;
			files = (
			);
			inputFileListPaths = (
			);
			inputPaths = (
				"${SRCROOT}/Pods/Target Support Files/Pods-Posts/Pods-Posts-frameworks.sh",
				"${BUILT_PRODUCTS_DIR}/Alamofire/Alamofire.framework",
				"${BUILT_PRODUCTS_DIR}/Differentiator/Differentiator.framework",
				"${BUILT_PRODUCTS_DIR}/Realm/Realm.framework",
				"${BUILT_PRODUCTS_DIR}/RealmSwift/RealmSwift.framework",
				"${BUILT_PRODUCTS_DIR}/RxCocoa/RxCocoa.framework",
				"${BUILT_PRODUCTS_DIR}/RxDataSources/RxDataSources.framework",
				"${BUILT_PRODUCTS_DIR}/RxRelay/RxRelay.framework",
				"${BUILT_PRODUCTS_DIR}/RxSwift/RxSwift.framework",
			);
			name = "[CP] Embed Pods Frameworks";
			outputFileListPaths = (
			);
			outputPaths = (
				"${TARGET_BUILD_DIR}/${FRAMEWORKS_FOLDER_PATH}/Alamofire.framework",
				"${TARGET_BUILD_DIR}/${FRAMEWORKS_FOLDER_PATH}/Differentiator.framework",
				"${TARGET_BUILD_DIR}/${FRAMEWORKS_FOLDER_PATH}/Realm.framework",
				"${TARGET_BUILD_DIR}/${FRAMEWORKS_FOLDER_PATH}/RealmSwift.framework",
				"${TARGET_BUILD_DIR}/${FRAMEWORKS_FOLDER_PATH}/RxCocoa.framework",
				"${TARGET_BUILD_DIR}/${FRAMEWORKS_FOLDER_PATH}/RxDataSources.framework",
				"${TARGET_BUILD_DIR}/${FRAMEWORKS_FOLDER_PATH}/RxRelay.framework",
				"${TARGET_BUILD_DIR}/${FRAMEWORKS_FOLDER_PATH}/RxSwift.framework",
			);
			runOnlyForDeploymentPostprocessing = 0;
			shellPath = /bin/sh;
			shellScript = "\"${SRCROOT}/Pods/Target Support Files/Pods-Posts/Pods-Posts-frameworks.sh\"\n";
			showEnvVarsInLog = 0;
		};
		55A5A39E3CA2596E8873EDCE /* [CP] Check Pods Manifest.lock */ = {
			isa = PBXShellScriptBuildPhase;
			buildActionMask = 2147483647;
			files = (
			);
			inputFileListPaths = (
			);
			inputPaths = (
				"${PODS_PODFILE_DIR_PATH}/Podfile.lock",
				"${PODS_ROOT}/Manifest.lock",
			);
			name = "[CP] Check Pods Manifest.lock";
			outputFileListPaths = (
			);
			outputPaths = (
				"$(DERIVED_FILE_DIR)/Pods-PostsTests-checkManifestLockResult.txt",
			);
			runOnlyForDeploymentPostprocessing = 0;
			shellPath = /bin/sh;
			shellScript = "diff \"${PODS_PODFILE_DIR_PATH}/Podfile.lock\" \"${PODS_ROOT}/Manifest.lock\" > /dev/null\nif [ $? != 0 ] ; then\n    # print error to STDERR\n    echo \"error: The sandbox is not in sync with the Podfile.lock. Run 'pod install' or update your CocoaPods installation.\" >&2\n    exit 1\nfi\n# This output is used by Xcode 'outputs' to avoid re-running this script phase.\necho \"SUCCESS\" > \"${SCRIPT_OUTPUT_FILE_0}\"\n";
			showEnvVarsInLog = 0;
		};
		7B26AECC1954BD7778BADE61 /* [CP] Check Pods Manifest.lock */ = {
			isa = PBXShellScriptBuildPhase;
			buildActionMask = 2147483647;
			files = (
			);
			inputFileListPaths = (
			);
			inputPaths = (
				"${PODS_PODFILE_DIR_PATH}/Podfile.lock",
				"${PODS_ROOT}/Manifest.lock",
			);
			name = "[CP] Check Pods Manifest.lock";
			outputFileListPaths = (
			);
			outputPaths = (
				"$(DERIVED_FILE_DIR)/Pods-PostsUITests-checkManifestLockResult.txt",
			);
			runOnlyForDeploymentPostprocessing = 0;
			shellPath = /bin/sh;
			shellScript = "diff \"${PODS_PODFILE_DIR_PATH}/Podfile.lock\" \"${PODS_ROOT}/Manifest.lock\" > /dev/null\nif [ $? != 0 ] ; then\n    # print error to STDERR\n    echo \"error: The sandbox is not in sync with the Podfile.lock. Run 'pod install' or update your CocoaPods installation.\" >&2\n    exit 1\nfi\n# This output is used by Xcode 'outputs' to avoid re-running this script phase.\necho \"SUCCESS\" > \"${SCRIPT_OUTPUT_FILE_0}\"\n";
			showEnvVarsInLog = 0;
		};
		D376CD534ACC47A2E3225B26 /* [CP] Check Pods Manifest.lock */ = {
			isa = PBXShellScriptBuildPhase;
			buildActionMask = 2147483647;
			files = (
			);
			inputFileListPaths = (
			);
			inputPaths = (
				"${PODS_PODFILE_DIR_PATH}/Podfile.lock",
				"${PODS_ROOT}/Manifest.lock",
			);
			name = "[CP] Check Pods Manifest.lock";
			outputFileListPaths = (
			);
			outputPaths = (
				"$(DERIVED_FILE_DIR)/Pods-Posts-checkManifestLockResult.txt",
			);
			runOnlyForDeploymentPostprocessing = 0;
			shellPath = /bin/sh;
			shellScript = "diff \"${PODS_PODFILE_DIR_PATH}/Podfile.lock\" \"${PODS_ROOT}/Manifest.lock\" > /dev/null\nif [ $? != 0 ] ; then\n    # print error to STDERR\n    echo \"error: The sandbox is not in sync with the Podfile.lock. Run 'pod install' or update your CocoaPods installation.\" >&2\n    exit 1\nfi\n# This output is used by Xcode 'outputs' to avoid re-running this script phase.\necho \"SUCCESS\" > \"${SCRIPT_OUTPUT_FILE_0}\"\n";
			showEnvVarsInLog = 0;
		};
/* End PBXShellScriptBuildPhase section */

/* Begin PBXSourcesBuildPhase section */
		22B7799122BAED1900CBF4F8 /* Sources */ = {
			isa = PBXSourcesBuildPhase;
			buildActionMask = 2147483647;
			files = (
				2251CA6322C0E3DE00E9C6C4 /* PostDetailsController.swift in Sources */,
				22CE8F4522BAF6E7004FA2E0 /* AppCoordinator.swift in Sources */,
				2251CA4F22BEDC6C00E9C6C4 /* HomeCell.swift in Sources */,
				22CE8F4122BAF6C1004FA2E0 /* Coordinator.swift in Sources */,
				22CE8F3F22BAF6B3004FA2E0 /* APIManager.swift in Sources */,
				2251CA4622BEB4CE00E9C6C4 /* PError.swift in Sources */,
				2251CA5E22C08AB500E9C6C4 /* PostModel.swift in Sources */,
				22CE8F5722BC4F4D004FA2E0 /* SplashViewModel.swift in Sources */,
				2251CA5322BEDFB600E9C6C4 /* PGradient.swift in Sources */,
				2251CA6722C0E41400E9C6C4 /* PostDetailsViewModel.swift in Sources */,
				2251CA4C22BEDBCF00E9C6C4 /* UITableViewCell.swift in Sources */,
				22CE8F4322BAF6DC004FA2E0 /* RootCoordinator.swift in Sources */,
				2280486622C1A79700BD5146 /* Connectivity.swift in Sources */,
				2280486022C1563800BD5146 /* DetailsCell.swift in Sources */,
				22CE8F4722BAF758004FA2E0 /* Constants.swift in Sources */,
				2251CA4822BED79B00E9C6C4 /* SectionPosts.swift in Sources */,
				22CE8F5F22BC7D94004FA2E0 /* HomeController.swift in Sources */,
				2251CA5A22BEF09A00E9C6C4 /* PostDetails.swift in Sources */,
				2251CA6022C0992600E9C6C4 /* RealmManager.swift in Sources */,
				22CE8F4922BAF76C004FA2E0 /* UIColor.swift in Sources */,
				2251CA4A22BEDBB600E9C6C4 /* UITableView.swift in Sources */,
				22CE8F5222BC3996004FA2E0 /* SplashController.swift in Sources */,
				22CE8F6322BC7DB9004FA2E0 /* Post.swift in Sources */,
				2251CA5822BEECD600E9C6C4 /* UIView.swift in Sources */,
				2251CA5622BEE31B00E9C6C4 /* HomeCoordinator.swift in Sources */,
				22CE8F6122BC7D9D004FA2E0 /* HomeViewModel.swift in Sources */,
				22CE8F4C22BB004B004FA2E0 /* PNavigationController.swift in Sources */,
				2280486422C19BDA00BD5146 /* PCircle.swift in Sources */,
				22CE8F3D22BAF699004FA2E0 /* BaseController.swift in Sources */,
				22CE8F4E22BB01A6004FA2E0 /* PNavigationBar.swift in Sources */,
				22CE8F6522BC8424004FA2E0 /* API.swift in Sources */,
				22B7799922BAED1A00CBF4F8 /* AppDelegate.swift in Sources */,
			);
			runOnlyForDeploymentPostprocessing = 0;
		};
		22B779A522BAED1D00CBF4F8 /* Sources */ = {
			isa = PBXSourcesBuildPhase;
			buildActionMask = 2147483647;
			files = (
				22B779AE22BAED1D00CBF4F8 /* PostsTests.swift in Sources */,
			);
			runOnlyForDeploymentPostprocessing = 0;
		};
		22B779B022BAED1D00CBF4F8 /* Sources */ = {
			isa = PBXSourcesBuildPhase;
			buildActionMask = 2147483647;
			files = (
				22B779B922BAED1D00CBF4F8 /* PostsUITests.swift in Sources */,
			);
			runOnlyForDeploymentPostprocessing = 0;
		};
/* End PBXSourcesBuildPhase section */

/* Begin PBXTargetDependency section */
		22B779AB22BAED1D00CBF4F8 /* PBXTargetDependency */ = {
			isa = PBXTargetDependency;
			target = 22B7799422BAED1900CBF4F8 /* Posts */;
			targetProxy = 22B779AA22BAED1D00CBF4F8 /* PBXContainerItemProxy */;
		};
		22B779B622BAED1D00CBF4F8 /* PBXTargetDependency */ = {
			isa = PBXTargetDependency;
			target = 22B7799422BAED1900CBF4F8 /* Posts */;
			targetProxy = 22B779B522BAED1D00CBF4F8 /* PBXContainerItemProxy */;
		};
/* End PBXTargetDependency section */

/* Begin PBXVariantGroup section */
		22B779A122BAED1D00CBF4F8 /* LaunchScreen.storyboard */ = {
			isa = PBXVariantGroup;
			children = (
				22B779A222BAED1D00CBF4F8 /* Base */,
			);
			name = LaunchScreen.storyboard;
			sourceTree = "<group>";
		};
/* End PBXVariantGroup section */

/* Begin XCBuildConfiguration section */
		22B779BB22BAED1D00CBF4F8 /* Debug */ = {
			isa = XCBuildConfiguration;
			buildSettings = {
				ALWAYS_SEARCH_USER_PATHS = NO;
				CLANG_ANALYZER_NONNULL = YES;
				CLANG_ANALYZER_NUMBER_OBJECT_CONVERSION = YES_AGGRESSIVE;
				CLANG_CXX_LANGUAGE_STANDARD = "gnu++14";
				CLANG_CXX_LIBRARY = "libc++";
				CLANG_ENABLE_MODULES = YES;
				CLANG_ENABLE_OBJC_ARC = YES;
				CLANG_ENABLE_OBJC_WEAK = YES;
				CLANG_WARN_BLOCK_CAPTURE_AUTORELEASING = YES;
				CLANG_WARN_BOOL_CONVERSION = YES;
				CLANG_WARN_COMMA = YES;
				CLANG_WARN_CONSTANT_CONVERSION = YES;
				CLANG_WARN_DEPRECATED_OBJC_IMPLEMENTATIONS = YES;
				CLANG_WARN_DIRECT_OBJC_ISA_USAGE = YES_ERROR;
				CLANG_WARN_DOCUMENTATION_COMMENTS = YES;
				CLANG_WARN_EMPTY_BODY = YES;
				CLANG_WARN_ENUM_CONVERSION = YES;
				CLANG_WARN_INFINITE_RECURSION = YES;
				CLANG_WARN_INT_CONVERSION = YES;
				CLANG_WARN_NON_LITERAL_NULL_CONVERSION = YES;
				CLANG_WARN_OBJC_IMPLICIT_RETAIN_SELF = YES;
				CLANG_WARN_OBJC_LITERAL_CONVERSION = YES;
				CLANG_WARN_OBJC_ROOT_CLASS = YES_ERROR;
				CLANG_WARN_RANGE_LOOP_ANALYSIS = YES;
				CLANG_WARN_STRICT_PROTOTYPES = YES;
				CLANG_WARN_SUSPICIOUS_MOVE = YES;
				CLANG_WARN_UNGUARDED_AVAILABILITY = YES_AGGRESSIVE;
				CLANG_WARN_UNREACHABLE_CODE = YES;
				CLANG_WARN__DUPLICATE_METHOD_MATCH = YES;
				CODE_SIGN_IDENTITY = "iPhone Developer";
				COPY_PHASE_STRIP = NO;
				DEBUG_INFORMATION_FORMAT = dwarf;
				ENABLE_STRICT_OBJC_MSGSEND = YES;
				ENABLE_TESTABILITY = YES;
				GCC_C_LANGUAGE_STANDARD = gnu11;
				GCC_DYNAMIC_NO_PIC = NO;
				GCC_NO_COMMON_BLOCKS = YES;
				GCC_OPTIMIZATION_LEVEL = 0;
				GCC_PREPROCESSOR_DEFINITIONS = (
					"DEBUG=1",
					"$(inherited)",
				);
				GCC_WARN_64_TO_32_BIT_CONVERSION = YES;
				GCC_WARN_ABOUT_RETURN_TYPE = YES_ERROR;
				GCC_WARN_UNDECLARED_SELECTOR = YES;
				GCC_WARN_UNINITIALIZED_AUTOS = YES_AGGRESSIVE;
				GCC_WARN_UNUSED_FUNCTION = YES;
				GCC_WARN_UNUSED_VARIABLE = YES;
				IPHONEOS_DEPLOYMENT_TARGET = 12.1;
				MTL_ENABLE_DEBUG_INFO = INCLUDE_SOURCE;
				MTL_FAST_MATH = YES;
				ONLY_ACTIVE_ARCH = YES;
				SDKROOT = iphoneos;
				SWIFT_ACTIVE_COMPILATION_CONDITIONS = DEBUG;
				SWIFT_OPTIMIZATION_LEVEL = "-Onone";
			};
			name = Debug;
		};
		22B779BC22BAED1D00CBF4F8 /* Release */ = {
			isa = XCBuildConfiguration;
			buildSettings = {
				ALWAYS_SEARCH_USER_PATHS = NO;
				CLANG_ANALYZER_NONNULL = YES;
				CLANG_ANALYZER_NUMBER_OBJECT_CONVERSION = YES_AGGRESSIVE;
				CLANG_CXX_LANGUAGE_STANDARD = "gnu++14";
				CLANG_CXX_LIBRARY = "libc++";
				CLANG_ENABLE_MODULES = YES;
				CLANG_ENABLE_OBJC_ARC = YES;
				CLANG_ENABLE_OBJC_WEAK = YES;
				CLANG_WARN_BLOCK_CAPTURE_AUTORELEASING = YES;
				CLANG_WARN_BOOL_CONVERSION = YES;
				CLANG_WARN_COMMA = YES;
				CLANG_WARN_CONSTANT_CONVERSION = YES;
				CLANG_WARN_DEPRECATED_OBJC_IMPLEMENTATIONS = YES;
				CLANG_WARN_DIRECT_OBJC_ISA_USAGE = YES_ERROR;
				CLANG_WARN_DOCUMENTATION_COMMENTS = YES;
				CLANG_WARN_EMPTY_BODY = YES;
				CLANG_WARN_ENUM_CONVERSION = YES;
				CLANG_WARN_INFINITE_RECURSION = YES;
				CLANG_WARN_INT_CONVERSION = YES;
				CLANG_WARN_NON_LITERAL_NULL_CONVERSION = YES;
				CLANG_WARN_OBJC_IMPLICIT_RETAIN_SELF = YES;
				CLANG_WARN_OBJC_LITERAL_CONVERSION = YES;
				CLANG_WARN_OBJC_ROOT_CLASS = YES_ERROR;
				CLANG_WARN_RANGE_LOOP_ANALYSIS = YES;
				CLANG_WARN_STRICT_PROTOTYPES = YES;
				CLANG_WARN_SUSPICIOUS_MOVE = YES;
				CLANG_WARN_UNGUARDED_AVAILABILITY = YES_AGGRESSIVE;
				CLANG_WARN_UNREACHABLE_CODE = YES;
				CLANG_WARN__DUPLICATE_METHOD_MATCH = YES;
				CODE_SIGN_IDENTITY = "iPhone Developer";
				COPY_PHASE_STRIP = NO;
				DEBUG_INFORMATION_FORMAT = "dwarf-with-dsym";
				ENABLE_NS_ASSERTIONS = NO;
				ENABLE_STRICT_OBJC_MSGSEND = YES;
				GCC_C_LANGUAGE_STANDARD = gnu11;
				GCC_NO_COMMON_BLOCKS = YES;
				GCC_WARN_64_TO_32_BIT_CONVERSION = YES;
				GCC_WARN_ABOUT_RETURN_TYPE = YES_ERROR;
				GCC_WARN_UNDECLARED_SELECTOR = YES;
				GCC_WARN_UNINITIALIZED_AUTOS = YES_AGGRESSIVE;
				GCC_WARN_UNUSED_FUNCTION = YES;
				GCC_WARN_UNUSED_VARIABLE = YES;
				IPHONEOS_DEPLOYMENT_TARGET = 12.1;
				MTL_ENABLE_DEBUG_INFO = NO;
				MTL_FAST_MATH = YES;
				SDKROOT = iphoneos;
				SWIFT_COMPILATION_MODE = wholemodule;
				SWIFT_OPTIMIZATION_LEVEL = "-O";
				VALIDATE_PRODUCT = YES;
			};
			name = Release;
		};
		22B779BE22BAED1D00CBF4F8 /* Debug */ = {
			isa = XCBuildConfiguration;
			baseConfigurationReference = 0FC91693B208685C5B68C746 /* Pods-Posts.debug.xcconfig */;
			buildSettings = {
				ASSETCATALOG_COMPILER_APPICON_NAME = AppIcon;
				CODE_SIGN_STYLE = Automatic;
				DEVELOPMENT_TEAM = WR4H64LH2K;
				INFOPLIST_FILE = Posts/Info.plist;
				LD_RUNPATH_SEARCH_PATHS = (
					"$(inherited)",
					"@executable_path/Frameworks",
				);
				PRODUCT_BUNDLE_IDENTIFIER = sccrn.Posts;
				PRODUCT_NAME = "$(TARGET_NAME)";
				SWIFT_VERSION = 4.2;
				TARGETED_DEVICE_FAMILY = "1,2";
			};
			name = Debug;
		};
		22B779BF22BAED1D00CBF4F8 /* Release */ = {
			isa = XCBuildConfiguration;
			baseConfigurationReference = 5122993314677DD3B68695E8 /* Pods-Posts.release.xcconfig */;
			buildSettings = {
				ASSETCATALOG_COMPILER_APPICON_NAME = AppIcon;
				CODE_SIGN_STYLE = Automatic;
				DEVELOPMENT_TEAM = WR4H64LH2K;
				INFOPLIST_FILE = Posts/Info.plist;
				LD_RUNPATH_SEARCH_PATHS = (
					"$(inherited)",
					"@executable_path/Frameworks",
				);
				PRODUCT_BUNDLE_IDENTIFIER = sccrn.Posts;
				PRODUCT_NAME = "$(TARGET_NAME)";
				SWIFT_VERSION = 4.2;
				TARGETED_DEVICE_FAMILY = "1,2";
			};
			name = Release;
		};
		22B779C122BAED1D00CBF4F8 /* Debug */ = {
			isa = XCBuildConfiguration;
			baseConfigurationReference = 063A1C5066189E29B74DAF27 /* Pods-PostsTests.debug.xcconfig */;
			buildSettings = {
				ALWAYS_EMBED_SWIFT_STANDARD_LIBRARIES = YES;
				BUNDLE_LOADER = "$(TEST_HOST)";
				CODE_SIGN_STYLE = Automatic;
				DEVELOPMENT_TEAM = WR4H64LH2K;
				INFOPLIST_FILE = PostsTests/Info.plist;
				LD_RUNPATH_SEARCH_PATHS = (
					"$(inherited)",
					"@executable_path/Frameworks",
					"@loader_path/Frameworks",
				);
				PRODUCT_BUNDLE_IDENTIFIER = sccrn.PostsTests;
				PRODUCT_NAME = "$(TARGET_NAME)";
				SWIFT_VERSION = 4.2;
				TARGETED_DEVICE_FAMILY = "1,2";
				TEST_HOST = "$(BUILT_PRODUCTS_DIR)/Posts.app/Posts";
			};
			name = Debug;
		};
		22B779C222BAED1D00CBF4F8 /* Release */ = {
			isa = XCBuildConfiguration;
			baseConfigurationReference = 8A5E54F841D601E2079EFEE2 /* Pods-PostsTests.release.xcconfig */;
			buildSettings = {
				ALWAYS_EMBED_SWIFT_STANDARD_LIBRARIES = YES;
				BUNDLE_LOADER = "$(TEST_HOST)";
				CODE_SIGN_STYLE = Automatic;
				DEVELOPMENT_TEAM = WR4H64LH2K;
				INFOPLIST_FILE = PostsTests/Info.plist;
				LD_RUNPATH_SEARCH_PATHS = (
					"$(inherited)",
					"@executable_path/Frameworks",
					"@loader_path/Frameworks",
				);
				PRODUCT_BUNDLE_IDENTIFIER = sccrn.PostsTests;
				PRODUCT_NAME = "$(TARGET_NAME)";
				SWIFT_VERSION = 4.2;
				TARGETED_DEVICE_FAMILY = "1,2";
				TEST_HOST = "$(BUILT_PRODUCTS_DIR)/Posts.app/Posts";
			};
			name = Release;
		};
		22B779C422BAED1D00CBF4F8 /* Debug */ = {
			isa = XCBuildConfiguration;
			baseConfigurationReference = 7EC53F309F35B8DA1E3629EC /* Pods-PostsUITests.debug.xcconfig */;
			buildSettings = {
				ALWAYS_EMBED_SWIFT_STANDARD_LIBRARIES = YES;
				CODE_SIGN_STYLE = Automatic;
				DEVELOPMENT_TEAM = WR4H64LH2K;
				INFOPLIST_FILE = PostsUITests/Info.plist;
				LD_RUNPATH_SEARCH_PATHS = (
					"$(inherited)",
					"@executable_path/Frameworks",
					"@loader_path/Frameworks",
				);
				PRODUCT_BUNDLE_IDENTIFIER = sccrn.PostsUITests;
				PRODUCT_NAME = "$(TARGET_NAME)";
				SWIFT_VERSION = 4.2;
				TARGETED_DEVICE_FAMILY = "1,2";
				TEST_TARGET_NAME = Posts;
			};
			name = Debug;
		};
		22B779C522BAED1D00CBF4F8 /* Release */ = {
			isa = XCBuildConfiguration;
			baseConfigurationReference = B30B4C3FF3CC3AF25C6E9F79 /* Pods-PostsUITests.release.xcconfig */;
			buildSettings = {
				ALWAYS_EMBED_SWIFT_STANDARD_LIBRARIES = YES;
				CODE_SIGN_STYLE = Automatic;
				DEVELOPMENT_TEAM = WR4H64LH2K;
				INFOPLIST_FILE = PostsUITests/Info.plist;
				LD_RUNPATH_SEARCH_PATHS = (
					"$(inherited)",
					"@executable_path/Frameworks",
					"@loader_path/Frameworks",
				);
				PRODUCT_BUNDLE_IDENTIFIER = sccrn.PostsUITests;
				PRODUCT_NAME = "$(TARGET_NAME)";
				SWIFT_VERSION = 4.2;
				TARGETED_DEVICE_FAMILY = "1,2";
				TEST_TARGET_NAME = Posts;
			};
			name = Release;
		};
/* End XCBuildConfiguration section */

/* Begin XCConfigurationList section */
		22B7799022BAED1900CBF4F8 /* Build configuration list for PBXProject "Posts" */ = {
			isa = XCConfigurationList;
			buildConfigurations = (
				22B779BB22BAED1D00CBF4F8 /* Debug */,
				22B779BC22BAED1D00CBF4F8 /* Release */,
			);
			defaultConfigurationIsVisible = 0;
			defaultConfigurationName = Release;
		};
		22B779BD22BAED1D00CBF4F8 /* Build configuration list for PBXNativeTarget "Posts" */ = {
			isa = XCConfigurationList;
			buildConfigurations = (
				22B779BE22BAED1D00CBF4F8 /* Debug */,
				22B779BF22BAED1D00CBF4F8 /* Release */,
			);
			defaultConfigurationIsVisible = 0;
			defaultConfigurationName = Release;
		};
		22B779C022BAED1D00CBF4F8 /* Build configuration list for PBXNativeTarget "PostsTests" */ = {
			isa = XCConfigurationList;
			buildConfigurations = (
				22B779C122BAED1D00CBF4F8 /* Debug */,
				22B779C222BAED1D00CBF4F8 /* Release */,
			);
			defaultConfigurationIsVisible = 0;
			defaultConfigurationName = Release;
		};
		22B779C322BAED1D00CBF4F8 /* Build configuration list for PBXNativeTarget "PostsUITests" */ = {
			isa = XCConfigurationList;
			buildConfigurations = (
				22B779C422BAED1D00CBF4F8 /* Debug */,
				22B779C522BAED1D00CBF4F8 /* Release */,
			);
			defaultConfigurationIsVisible = 0;
			defaultConfigurationName = Release;
		};
/* End XCConfigurationList section */
	};
	rootObject = 22B7798D22BAED1900CBF4F8 /* Project object */;
}
